Microsoft Visual Studio Solution File, Format Version 12.00
# Visual Studio Version 17
VisualStudioVersion = 17.5.2.0
MinimumVisualStudioVersion = 10.0.40219.1
Project("{FAE04EC0-301F-11D3-BF4B-00C04F79EFBC}") = "Aula4", "Aula4.csproj", "{F3531192-E524-677D-6C8B-BC677E7102CE}"
EndProject
Global
	GlobalSection(SolutionConfigurationPlatforms) = preSolution
		Debug|Any CPU = Debug|Any CPU
		Release|Any CPU = Release|Any CPU
	EndGlobalSection
	GlobalSection(ProjectConfigurationPlatforms) = postSolution
		{F3531192-E524-677D-6C8B-BC677E7102CE}.Debug|Any CPU.ActiveCfg = Debug|Any CPU
		{F3531192-E524-677D-6C8B-BC677E7102CE}.Debug|Any CPU.Build.0 = Debug|Any CPU
		{F3531192-E524-677D-6C8B-BC677E7102CE}.Release|Any CPU.ActiveCfg = Release|Any CPU
		{F3531192-E524-677D-6C8B-BC677E7102CE}.Release|Any CPU.Build.0 = Release|Any CPU
	EndGlobalSection
	GlobalSection(SolutionProperties) = preSolution
		HideSolutionNode = FALSE
	EndGlobalSection
	GlobalSection(ExtensibilityGlobals) = postSolution
		SolutionGuid = {15F63163-8CA3-4F4A-9B3B-8633CB4F6E2F}
	EndGlobalSection
EndGlobal
